
Microsoft Visual Studio Solution File, Format Version 12.00
# Visual Studio 2013
VisualStudioVersion = 12.0.21005.1
MinimumVisualStudioVersion = 10.0.40219.1
Project("{FAE04EC0-301F-11D3-BF4B-00C04F79EFBC}") = "Common", "Common\Common.csproj", "{D39753B5-A5CE-4868-9F67-7B3714420768}"
EndProject
Project("{FAE04EC0-301F-11D3-BF4B-00C04F79EFBC}") = "Common.Net.Tester", "Common.Net.Tester\Common.Net.Tester.csproj", "{91F4BA2A-CA4F-4FB2-9F6A-60C1F5085692}"
EndProject
Project("{2150E333-8FDC-42A3-9474-1A3956D46DE8}") = "LocalTester", "LocalTester", "{6611C856-90FE-4D9E-8F1F-88C28E2484AA}"
EndProject
Project("{FAE04EC0-301F-11D3-BF4B-00C04F79EFBC}") = "Common.Web.Tester", "Common.Web.Tester\Common.Web.Tester.csproj", "{22AC5593-20CD-4E45-B3B1-A1D1E5CC7D0B}"
EndProject
Global
	GlobalSection(SolutionConfigurationPlatforms) = preSolution
		Debug|Any CPU = Debug|Any CPU
		Release|Any CPU = Release|Any CPU
	EndGlobalSection
	GlobalSection(ProjectConfigurationPlatforms) = postSolution
		{D39753B5-A5CE-4868-9F67-7B3714420768}.Debug|Any CPU.ActiveCfg = Debug|Any CPU
		{D39753B5-A5CE-4868-9F67-7B3714420768}.Debug|Any CPU.Build.0 = Debug|Any CPU
		{D39753B5-A5CE-4868-9F67-7B3714420768}.Release|Any CPU.ActiveCfg = Release|Any CPU
		{D39753B5-A5CE-4868-9F67-7B3714420768}.Release|Any CPU.Build.0 = Release|Any CPU
		{91F4BA2A-CA4F-4FB2-9F6A-60C1F5085692}.Debug|Any CPU.ActiveCfg = Debug|Any CPU
		{91F4BA2A-CA4F-4FB2-9F6A-60C1F5085692}.Debug|Any CPU.Build.0 = Debug|Any CPU
		{91F4BA2A-CA4F-4FB2-9F6A-60C1F5085692}.Release|Any CPU.ActiveCfg = Release|Any CPU
		{91F4BA2A-CA4F-4FB2-9F6A-60C1F5085692}.Release|Any CPU.Build.0 = Release|Any CPU
		{22AC5593-20CD-4E45-B3B1-A1D1E5CC7D0B}.Debug|Any CPU.ActiveCfg = Debug|Any CPU
		{22AC5593-20CD-4E45-B3B1-A1D1E5CC7D0B}.Debug|Any CPU.Build.0 = Debug|Any CPU
		{22AC5593-20CD-4E45-B3B1-A1D1E5CC7D0B}.Release|Any CPU.ActiveCfg = Release|Any CPU
		{22AC5593-20CD-4E45-B3B1-A1D1E5CC7D0B}.Release|Any CPU.Build.0 = Release|Any CPU
	EndGlobalSection
	GlobalSection(SolutionProperties) = preSolution
		HideSolutionNode = FALSE
	EndGlobalSection
	GlobalSection(NestedProjects) = preSolution
		{91F4BA2A-CA4F-4FB2-9F6A-60C1F5085692} = {6611C856-90FE-4D9E-8F1F-88C28E2484AA}
		{22AC5593-20CD-4E45-B3B1-A1D1E5CC7D0B} = {6611C856-90FE-4D9E-8F1F-88C28E2484AA}
	EndGlobalSection
EndGlobal
