
Microsoft Visual Studio Solution File, Format Version 12.00
# Visual Studio 2013
VisualStudioVersion = 12.0.31101.0
MinimumVisualStudioVersion = 10.0.40219.1
Project("{FAE04EC0-301F-11D3-BF4B-00C04F79EFBC}") = "Uncommon", "Uncommon\Uncommon.csproj", "{D39753B5-A5CE-4868-9F67-7B3714420768}"
EndProject
Project("{FAE04EC0-301F-11D3-BF4B-00C04F79EFBC}") = "Uncommon.Tests", "Uncommon.Tests\Uncommon.Tests.csproj", "{F8500B0F-34CB-4992-8C79-0CB8465AFAED}"
EndProject
Project("{2150E333-8FDC-42A3-9474-1A3956D46DE8}") = "Tests", "Tests", "{137F26F0-D664-4374-89D4-A6EB83C0930D}"
EndProject
Project("{FAE04EC0-301F-11D3-BF4B-00C04F79EFBC}") = "Uncommon.Tests.Client", "Tests\Uncommon.Tests.Client\Uncommon.Tests.Client.csproj", "{31B7FB8D-F174-4C30-BC6B-EF75816A46C1}"
EndProject
Project("{FAE04EC0-301F-11D3-BF4B-00C04F79EFBC}") = "Uncommon.Tests.Web", "Tests\Uncommon.Tests.Web\Uncommon.Tests.Web.csproj", "{D5C4488D-5F92-40D9-A94F-A5008013F2B8}"
EndProject
Project("{2150E333-8FDC-42A3-9474-1A3956D46DE8}") = "MvvmCross", "MvvmCross", "{0DDF3E23-40D5-416A-A8AA-4312889E0E74}"
EndProject
Project("{2150E333-8FDC-42A3-9474-1A3956D46DE8}") = "Plugins", "Plugins", "{FCBA150D-CD22-43FE-A308-DA7C635D7C00}"
EndProject
Project("{FAE04EC0-301F-11D3-BF4B-00C04F79EFBC}") = "Uncommon.MvvmCross", "MvvmCross\Uncommon.MvvmCross\Uncommon.MvvmCross.csproj", "{D35D00A8-9E37-47C0-A318-AF51D79507BA}"
EndProject
Project("{FAE04EC0-301F-11D3-BF4B-00C04F79EFBC}") = "Uncommon.MvvmCross.Plugins.ProtectedStore", "MvvmCross\Plugins\Uncommon.MvvmCross.Plugins.ProtectedStore\Uncommon.MvvmCross.Plugins.ProtectedStore.csproj", "{3E9E5523-71F9-4B9A-9CC2-E3DB8AB5355C}"
EndProject
Project("{FAE04EC0-301F-11D3-BF4B-00C04F79EFBC}") = "Uncommon.MvvmCross.Plugins.ProtectedStore.WindowsPhone", "MvvmCross\Plugins\Uncommon.MvvmCross.Plugins.ProtectedStore.WindowsPhone\Uncommon.MvvmCross.Plugins.ProtectedStore.WindowsPhone.csproj", "{9E1E2CA6-DB24-4814-A9D1-05B6B6B3101B}"
EndProject
Project("{FAE04EC0-301F-11D3-BF4B-00C04F79EFBC}") = "Uncommon.MvvmCross.Plugins.ProtectedStore.Droid", "MvvmCross\Plugins\Uncommon.MvvmCross.Plugins.ProtectedStore.Droid\Uncommon.MvvmCross.Plugins.ProtectedStore.Droid.csproj", "{7D6010B5-AC3B-4FF1-AA8C-6C1A302906A1}"
EndProject
Global
	GlobalSection(SolutionConfigurationPlatforms) = preSolution
		Debug|Any CPU = Debug|Any CPU
		Debug|ARM = Debug|ARM
		Debug|x86 = Debug|x86
		Release|Any CPU = Release|Any CPU
		Release|ARM = Release|ARM
		Release|x86 = Release|x86
	EndGlobalSection
	GlobalSection(ProjectConfigurationPlatforms) = postSolution
		{D39753B5-A5CE-4868-9F67-7B3714420768}.Debug|Any CPU.ActiveCfg = Debug|Any CPU
		{D39753B5-A5CE-4868-9F67-7B3714420768}.Debug|Any CPU.Build.0 = Debug|Any CPU
		{D39753B5-A5CE-4868-9F67-7B3714420768}.Debug|ARM.ActiveCfg = Debug|Any CPU
		{D39753B5-A5CE-4868-9F67-7B3714420768}.Debug|x86.ActiveCfg = Debug|Any CPU
		{D39753B5-A5CE-4868-9F67-7B3714420768}.Release|Any CPU.ActiveCfg = Release|Any CPU
		{D39753B5-A5CE-4868-9F67-7B3714420768}.Release|Any CPU.Build.0 = Release|Any CPU
		{D39753B5-A5CE-4868-9F67-7B3714420768}.Release|ARM.ActiveCfg = Release|Any CPU
		{D39753B5-A5CE-4868-9F67-7B3714420768}.Release|x86.ActiveCfg = Release|Any CPU
		{F8500B0F-34CB-4992-8C79-0CB8465AFAED}.Debug|Any CPU.ActiveCfg = Debug|Any CPU
		{F8500B0F-34CB-4992-8C79-0CB8465AFAED}.Debug|Any CPU.Build.0 = Debug|Any CPU
		{F8500B0F-34CB-4992-8C79-0CB8465AFAED}.Debug|ARM.ActiveCfg = Debug|Any CPU
		{F8500B0F-34CB-4992-8C79-0CB8465AFAED}.Debug|x86.ActiveCfg = Debug|Any CPU
		{F8500B0F-34CB-4992-8C79-0CB8465AFAED}.Release|Any CPU.ActiveCfg = Release|Any CPU
		{F8500B0F-34CB-4992-8C79-0CB8465AFAED}.Release|Any CPU.Build.0 = Release|Any CPU
		{F8500B0F-34CB-4992-8C79-0CB8465AFAED}.Release|ARM.ActiveCfg = Release|Any CPU
		{F8500B0F-34CB-4992-8C79-0CB8465AFAED}.Release|x86.ActiveCfg = Release|Any CPU
		{31B7FB8D-F174-4C30-BC6B-EF75816A46C1}.Debug|Any CPU.ActiveCfg = Debug|Any CPU
		{31B7FB8D-F174-4C30-BC6B-EF75816A46C1}.Debug|Any CPU.Build.0 = Debug|Any CPU
		{31B7FB8D-F174-4C30-BC6B-EF75816A46C1}.Debug|ARM.ActiveCfg = Debug|Any CPU
		{31B7FB8D-F174-4C30-BC6B-EF75816A46C1}.Debug|x86.ActiveCfg = Debug|Any CPU
		{31B7FB8D-F174-4C30-BC6B-EF75816A46C1}.Release|Any CPU.ActiveCfg = Release|Any CPU
		{31B7FB8D-F174-4C30-BC6B-EF75816A46C1}.Release|Any CPU.Build.0 = Release|Any CPU
		{31B7FB8D-F174-4C30-BC6B-EF75816A46C1}.Release|ARM.ActiveCfg = Release|Any CPU
		{31B7FB8D-F174-4C30-BC6B-EF75816A46C1}.Release|x86.ActiveCfg = Release|Any CPU
		{D5C4488D-5F92-40D9-A94F-A5008013F2B8}.Debug|Any CPU.ActiveCfg = Debug|Any CPU
		{D5C4488D-5F92-40D9-A94F-A5008013F2B8}.Debug|Any CPU.Build.0 = Debug|Any CPU
		{D5C4488D-5F92-40D9-A94F-A5008013F2B8}.Debug|ARM.ActiveCfg = Debug|Any CPU
		{D5C4488D-5F92-40D9-A94F-A5008013F2B8}.Debug|x86.ActiveCfg = Debug|Any CPU
		{D5C4488D-5F92-40D9-A94F-A5008013F2B8}.Release|Any CPU.ActiveCfg = Release|Any CPU
		{D5C4488D-5F92-40D9-A94F-A5008013F2B8}.Release|Any CPU.Build.0 = Release|Any CPU
		{D5C4488D-5F92-40D9-A94F-A5008013F2B8}.Release|ARM.ActiveCfg = Release|Any CPU
		{D5C4488D-5F92-40D9-A94F-A5008013F2B8}.Release|x86.ActiveCfg = Release|Any CPU
		{D35D00A8-9E37-47C0-A318-AF51D79507BA}.Debug|Any CPU.ActiveCfg = Debug|Any CPU
		{D35D00A8-9E37-47C0-A318-AF51D79507BA}.Debug|Any CPU.Build.0 = Debug|Any CPU
		{D35D00A8-9E37-47C0-A318-AF51D79507BA}.Debug|ARM.ActiveCfg = Debug|Any CPU
		{D35D00A8-9E37-47C0-A318-AF51D79507BA}.Debug|x86.ActiveCfg = Debug|Any CPU
		{D35D00A8-9E37-47C0-A318-AF51D79507BA}.Release|Any CPU.ActiveCfg = Release|Any CPU
		{D35D00A8-9E37-47C0-A318-AF51D79507BA}.Release|Any CPU.Build.0 = Release|Any CPU
		{D35D00A8-9E37-47C0-A318-AF51D79507BA}.Release|ARM.ActiveCfg = Release|Any CPU
		{D35D00A8-9E37-47C0-A318-AF51D79507BA}.Release|x86.ActiveCfg = Release|Any CPU
		{3E9E5523-71F9-4B9A-9CC2-E3DB8AB5355C}.Debug|Any CPU.ActiveCfg = Debug|Any CPU
		{3E9E5523-71F9-4B9A-9CC2-E3DB8AB5355C}.Debug|Any CPU.Build.0 = Debug|Any CPU
		{3E9E5523-71F9-4B9A-9CC2-E3DB8AB5355C}.Debug|ARM.ActiveCfg = Debug|Any CPU
		{3E9E5523-71F9-4B9A-9CC2-E3DB8AB5355C}.Debug|x86.ActiveCfg = Debug|Any CPU
		{3E9E5523-71F9-4B9A-9CC2-E3DB8AB5355C}.Release|Any CPU.ActiveCfg = Release|Any CPU
		{3E9E5523-71F9-4B9A-9CC2-E3DB8AB5355C}.Release|Any CPU.Build.0 = Release|Any CPU
		{3E9E5523-71F9-4B9A-9CC2-E3DB8AB5355C}.Release|ARM.ActiveCfg = Release|Any CPU
		{3E9E5523-71F9-4B9A-9CC2-E3DB8AB5355C}.Release|x86.ActiveCfg = Release|Any CPU
		{9E1E2CA6-DB24-4814-A9D1-05B6B6B3101B}.Debug|Any CPU.ActiveCfg = Debug|Any CPU
		{9E1E2CA6-DB24-4814-A9D1-05B6B6B3101B}.Debug|Any CPU.Build.0 = Debug|Any CPU
		{9E1E2CA6-DB24-4814-A9D1-05B6B6B3101B}.Debug|ARM.ActiveCfg = Debug|ARM
		{9E1E2CA6-DB24-4814-A9D1-05B6B6B3101B}.Debug|ARM.Build.0 = Debug|ARM
		{9E1E2CA6-DB24-4814-A9D1-05B6B6B3101B}.Debug|x86.ActiveCfg = Debug|x86
		{9E1E2CA6-DB24-4814-A9D1-05B6B6B3101B}.Debug|x86.Build.0 = Debug|x86
		{9E1E2CA6-DB24-4814-A9D1-05B6B6B3101B}.Release|Any CPU.ActiveCfg = Release|Any CPU
		{9E1E2CA6-DB24-4814-A9D1-05B6B6B3101B}.Release|Any CPU.Build.0 = Release|Any CPU
		{9E1E2CA6-DB24-4814-A9D1-05B6B6B3101B}.Release|ARM.ActiveCfg = Release|ARM
		{9E1E2CA6-DB24-4814-A9D1-05B6B6B3101B}.Release|ARM.Build.0 = Release|ARM
		{9E1E2CA6-DB24-4814-A9D1-05B6B6B3101B}.Release|x86.ActiveCfg = Release|x86
		{9E1E2CA6-DB24-4814-A9D1-05B6B6B3101B}.Release|x86.Build.0 = Release|x86
		{7D6010B5-AC3B-4FF1-AA8C-6C1A302906A1}.Debug|Any CPU.ActiveCfg = Debug|Any CPU
		{7D6010B5-AC3B-4FF1-AA8C-6C1A302906A1}.Debug|Any CPU.Build.0 = Debug|Any CPU
		{7D6010B5-AC3B-4FF1-AA8C-6C1A302906A1}.Debug|ARM.ActiveCfg = Debug|Any CPU
		{7D6010B5-AC3B-4FF1-AA8C-6C1A302906A1}.Debug|x86.ActiveCfg = Debug|Any CPU
		{7D6010B5-AC3B-4FF1-AA8C-6C1A302906A1}.Release|Any CPU.ActiveCfg = Release|Any CPU
		{7D6010B5-AC3B-4FF1-AA8C-6C1A302906A1}.Release|Any CPU.Build.0 = Release|Any CPU
		{7D6010B5-AC3B-4FF1-AA8C-6C1A302906A1}.Release|ARM.ActiveCfg = Release|Any CPU
		{7D6010B5-AC3B-4FF1-AA8C-6C1A302906A1}.Release|x86.ActiveCfg = Release|Any CPU
	EndGlobalSection
	GlobalSection(SolutionProperties) = preSolution
		HideSolutionNode = FALSE
	EndGlobalSection
	GlobalSection(NestedProjects) = preSolution
		{31B7FB8D-F174-4C30-BC6B-EF75816A46C1} = {137F26F0-D664-4374-89D4-A6EB83C0930D}
		{D5C4488D-5F92-40D9-A94F-A5008013F2B8} = {137F26F0-D664-4374-89D4-A6EB83C0930D}
		{FCBA150D-CD22-43FE-A308-DA7C635D7C00} = {0DDF3E23-40D5-416A-A8AA-4312889E0E74}
		{D35D00A8-9E37-47C0-A318-AF51D79507BA} = {0DDF3E23-40D5-416A-A8AA-4312889E0E74}
		{3E9E5523-71F9-4B9A-9CC2-E3DB8AB5355C} = {FCBA150D-CD22-43FE-A308-DA7C635D7C00}
		{9E1E2CA6-DB24-4814-A9D1-05B6B6B3101B} = {FCBA150D-CD22-43FE-A308-DA7C635D7C00}
		{7D6010B5-AC3B-4FF1-AA8C-6C1A302906A1} = {FCBA150D-CD22-43FE-A308-DA7C635D7C00}
	EndGlobalSection
EndGlobal
